
Microsoft Visual Studio Solution File, Format Version 12.00
# Visual Studio 2013
VisualStudioVersion = 12.0.40629.0
MinimumVisualStudioVersion = 10.0.40219.1
Project("{FAE04EC0-301F-11D3-BF4B-00C04F79EFBC}") = "Base.TilesService", "Base.TilesService\Base.TilesService.csproj", "{8C40BC58-F2CA-4ABC-B9E6-0F3087E3F4AB}"
EndProject
Global
	GlobalSection(SolutionConfigurationPlatforms) = preSolution
		Debug|Any CPU = Debug|Any CPU
		Release|Any CPU = Release|Any CPU
	EndGlobalSection
	GlobalSection(ProjectConfigurationPlatforms) = postSolution
		{8C40BC58-F2CA-4ABC-B9E6-0F3087E3F4AB}.Debug|Any CPU.ActiveCfg = Debug|Any CPU
		{8C40BC58-F2CA-4ABC-B9E6-0F3087E3F4AB}.Debug|Any CPU.Build.0 = Debug|Any CPU
		{8C40BC58-F2CA-4ABC-B9E6-0F3087E3F4AB}.Release|Any CPU.ActiveCfg = Release|Any CPU
		{8C40BC58-F2CA-4ABC-B9E6-0F3087E3F4AB}.Release|Any CPU.Build.0 = Release|Any CPU
	EndGlobalSection
	GlobalSection(SolutionProperties) = preSolution
		HideSolutionNode = FALSE
	EndGlobalSection
EndGlobal
